
Microsoft Visual Studio Solution File, Format Version 12.00
# Visual Studio Version 18
VisualStudioVersion = 18.2.11415.280
MinimumVisualStudioVersion = 10.0.40219.1
Project("{9A19103F-16F7-4668-BE54-9A1E7A4F7556}") = "Zolian.GameServer", "Zolian.GameServer\Zolian.GameServer.csproj", "{4275224B-1A23-4334-9DF6-6F746F34A8A5}"
EndProject
Project("{9A19103F-16F7-4668-BE54-9A1E7A4F7556}") = "Zolian.Server.Base", "Zolian.Server.Base\Zolian.Server.Base.csproj", "{F2A7E04E-65A8-44A6-A642-01C8F4A6149C}"
EndProject
Project("{D954291E-2A0B-460D-934E-DC6B0785DB48}") = "Server.Configurations", "Server.Configurations\Server.Configurations.shproj", "{BA99DF5E-E48A-411A-8B1A-4458116CB513}"
EndProject
Project("{9A19103F-16F7-4668-BE54-9A1E7A4F7556}") = "ZolianTest", "ZolianTest\ZolianTest.csproj", "{2B209986-7A39-4646-A97E-E8A853FE86AC}"
EndProject
Project("{9A19103F-16F7-4668-BE54-9A1E7A4F7556}") = "Zolian.AlwaysOn", "Zolian.AlwaysOn\Zolian.AlwaysOn.csproj", "{398955D1-BAB0-4495-A672-966371167D76}"
EndProject
Project("{FAE04EC0-301F-11D3-BF4B-00C04F79EFBC}") = "Chaos.Networking", "..\Chaos-Network\Chaos.Networking\Chaos.Networking.csproj", "{94155416-46F8-4E61-AFE2-FDE4EA87BF2F}"
EndProject
Project("{FAE04EC0-301F-11D3-BF4B-00C04F79EFBC}") = "Chaos.Cryptography", "..\Chaos-Network\Chaos.Cryptography\Chaos.Cryptography.csproj", "{33ABF025-A98B-406C-B667-1F353AFB2715}"
EndProject
Project("{FAE04EC0-301F-11D3-BF4B-00C04F79EFBC}") = "Chaos.Cryptography.Abstractions", "..\Chaos-Network\Chaos.Cryptography.Abstractions\Chaos.Cryptography.Abstractions.csproj", "{F2EA8E74-3313-4828-A1EE-9D2A11B1110B}"
EndProject
Project("{FAE04EC0-301F-11D3-BF4B-00C04F79EFBC}") = "Chaos.Extensions.Common", "..\Chaos-Network\Chaos.Extensions.Common\Chaos.Extensions.Common.csproj", "{5A196B89-F893-4E33-9E8D-669D3A15291D}"
EndProject
Project("{FAE04EC0-301F-11D3-BF4B-00C04F79EFBC}") = "Chaos.Common", "..\Chaos-Network\Chaos.Common\Chaos.Common.csproj", "{47E123E0-06AE-4E9A-BEEB-484C1B14B88F}"
EndProject
Project("{FAE04EC0-301F-11D3-BF4B-00C04F79EFBC}") = "Chaos.Common.Abstractions", "..\Chaos-Network\Chaos.Common.Abstractions\Chaos.Common.Abstractions.csproj", "{69C4A681-2AC5-4748-8ABC-2389A0C65E5A}"
EndProject
Project("{FAE04EC0-301F-11D3-BF4B-00C04F79EFBC}") = "Chaos.IO", "..\Chaos-Network\Chaos.IO\Chaos.IO.csproj", "{0EB8A90F-0B1B-4C4A-AA0F-A580CA0F72B1}"
EndProject
Project("{FAE04EC0-301F-11D3-BF4B-00C04F79EFBC}") = "Chaos.Geometry", "..\Chaos-Network\Chaos.Geometry\Chaos.Geometry.csproj", "{B684FCDE-4094-460E-9688-4C13C6D07948}"
EndProject
Project("{FAE04EC0-301F-11D3-BF4B-00C04F79EFBC}") = "Chaos.Geometry.Abstractions", "..\Chaos-Network\Chaos.Geometry.Abstractions\Chaos.Geometry.Abstractions.csproj", "{0FC445C3-B27B-4CA4-87DC-746A147790F2}"
EndProject
Project("{FAE04EC0-301F-11D3-BF4B-00C04F79EFBC}") = "Chaos.Networking.Abstractions", "..\Chaos-Network\Chaos.Networking.Abstractions\Chaos.Networking.Abstractions.csproj", "{41F68133-DD5A-4B22-B95B-5A415250D87B}"
EndProject
Project("{FAE04EC0-301F-11D3-BF4B-00C04F79EFBC}") = "Chaos.Darkages", "..\Chaos-Network\Chaos.Darkages\Chaos.Darkages.csproj", "{FF0E7DEF-B19A-48DE-9DB7-15985A1BD910}"
EndProject
Project("{FAE04EC0-301F-11D3-BF4B-00C04F79EFBC}") = "Chaos.Packets", "..\Chaos-Network\Chaos.Packets\Chaos.Packets.csproj", "{C1AFB432-CF5E-4A96-92FB-70011215C827}"
EndProject
Project("{FAE04EC0-301F-11D3-BF4B-00C04F79EFBC}") = "Chaos.Packets.Abstractions", "..\Chaos-Network\Chaos.Packets.Abstractions\Chaos.Packets.Abstractions.csproj", "{5984A0E8-0C23-48DD-A70D-13D4549451A1}"
EndProject
Project("{FAE04EC0-301F-11D3-BF4B-00C04F79EFBC}") = "Chaos.NLog.Logging", "..\Chaos-Network\Chaos.NLog.Logging\Chaos.NLog.Logging.csproj", "{CCAF8F6A-6882-4392-8CF1-8257D9B2195E}"
EndProject
Global
	GlobalSection(SolutionConfigurationPlatforms) = preSolution
		Debug|Any CPU = Debug|Any CPU
		Debug|x64 = Debug|x64
		Debug|x86 = Debug|x86
		Release|Any CPU = Release|Any CPU
		Release|x64 = Release|x64
		Release|x86 = Release|x86
	EndGlobalSection
	GlobalSection(ProjectConfigurationPlatforms) = postSolution
		{4275224B-1A23-4334-9DF6-6F746F34A8A5}.Debug|Any CPU.ActiveCfg = Debug|Any CPU
		{4275224B-1A23-4334-9DF6-6F746F34A8A5}.Debug|Any CPU.Build.0 = Debug|Any CPU
		{4275224B-1A23-4334-9DF6-6F746F34A8A5}.Debug|x64.ActiveCfg = Debug|Any CPU
		{4275224B-1A23-4334-9DF6-6F746F34A8A5}.Debug|x64.Build.0 = Debug|Any CPU
		{4275224B-1A23-4334-9DF6-6F746F34A8A5}.Debug|x86.ActiveCfg = Debug|Any CPU
		{4275224B-1A23-4334-9DF6-6F746F34A8A5}.Debug|x86.Build.0 = Debug|Any CPU
		{4275224B-1A23-4334-9DF6-6F746F34A8A5}.Release|Any CPU.ActiveCfg = Release|Any CPU
		{4275224B-1A23-4334-9DF6-6F746F34A8A5}.Release|Any CPU.Build.0 = Release|Any CPU
		{4275224B-1A23-4334-9DF6-6F746F34A8A5}.Release|x64.ActiveCfg = Release|Any CPU
		{4275224B-1A23-4334-9DF6-6F746F34A8A5}.Release|x64.Build.0 = Release|Any CPU
		{4275224B-1A23-4334-9DF6-6F746F34A8A5}.Release|x86.ActiveCfg = Release|Any CPU
		{4275224B-1A23-4334-9DF6-6F746F34A8A5}.Release|x86.Build.0 = Release|Any CPU
		{F2A7E04E-65A8-44A6-A642-01C8F4A6149C}.Debug|Any CPU.ActiveCfg = Debug|Any CPU
		{F2A7E04E-65A8-44A6-A642-01C8F4A6149C}.Debug|Any CPU.Build.0 = Debug|Any CPU
		{F2A7E04E-65A8-44A6-A642-01C8F4A6149C}.Debug|x64.ActiveCfg = Debug|Any CPU
		{F2A7E04E-65A8-44A6-A642-01C8F4A6149C}.Debug|x64.Build.0 = Debug|Any CPU
		{F2A7E04E-65A8-44A6-A642-01C8F4A6149C}.Debug|x86.ActiveCfg = Debug|Any CPU
		{F2A7E04E-65A8-44A6-A642-01C8F4A6149C}.Debug|x86.Build.0 = Debug|Any CPU
		{F2A7E04E-65A8-44A6-A642-01C8F4A6149C}.Release|Any CPU.ActiveCfg = Release|Any CPU
		{F2A7E04E-65A8-44A6-A642-01C8F4A6149C}.Release|Any CPU.Build.0 = Release|Any CPU
		{F2A7E04E-65A8-44A6-A642-01C8F4A6149C}.Release|x64.ActiveCfg = Release|Any CPU
		{F2A7E04E-65A8-44A6-A642-01C8F4A6149C}.Release|x64.Build.0 = Release|Any CPU
		{F2A7E04E-65A8-44A6-A642-01C8F4A6149C}.Release|x86.ActiveCfg = Release|Any CPU
		{F2A7E04E-65A8-44A6-A642-01C8F4A6149C}.Release|x86.Build.0 = Release|Any CPU
		{2B209986-7A39-4646-A97E-E8A853FE86AC}.Debug|Any CPU.ActiveCfg = Debug|Any CPU
		{2B209986-7A39-4646-A97E-E8A853FE86AC}.Debug|Any CPU.Build.0 = Debug|Any CPU
		{2B209986-7A39-4646-A97E-E8A853FE86AC}.Debug|x64.ActiveCfg = Debug|Any CPU
		{2B209986-7A39-4646-A97E-E8A853FE86AC}.Debug|x64.Build.0 = Debug|Any CPU
		{2B209986-7A39-4646-A97E-E8A853FE86AC}.Debug|x86.ActiveCfg = Debug|Any CPU
		{2B209986-7A39-4646-A97E-E8A853FE86AC}.Debug|x86.Build.0 = Debug|Any CPU
		{2B209986-7A39-4646-A97E-E8A853FE86AC}.Release|Any CPU.ActiveCfg = Release|Any CPU
		{2B209986-7A39-4646-A97E-E8A853FE86AC}.Release|x64.ActiveCfg = Release|Any CPU
		{2B209986-7A39-4646-A97E-E8A853FE86AC}.Release|x64.Build.0 = Release|Any CPU
		{2B209986-7A39-4646-A97E-E8A853FE86AC}.Release|x86.ActiveCfg = Release|Any CPU
		{2B209986-7A39-4646-A97E-E8A853FE86AC}.Release|x86.Build.0 = Release|Any CPU
		{398955D1-BAB0-4495-A672-966371167D76}.Debug|Any CPU.ActiveCfg = Debug|Any CPU
		{398955D1-BAB0-4495-A672-966371167D76}.Debug|Any CPU.Build.0 = Debug|Any CPU
		{398955D1-BAB0-4495-A672-966371167D76}.Debug|x64.ActiveCfg = Debug|Any CPU
		{398955D1-BAB0-4495-A672-966371167D76}.Debug|x64.Build.0 = Debug|Any CPU
		{398955D1-BAB0-4495-A672-966371167D76}.Debug|x86.ActiveCfg = Debug|Any CPU
		{398955D1-BAB0-4495-A672-966371167D76}.Debug|x86.Build.0 = Debug|Any CPU
		{398955D1-BAB0-4495-A672-966371167D76}.Release|Any CPU.ActiveCfg = Release|Any CPU
		{398955D1-BAB0-4495-A672-966371167D76}.Release|Any CPU.Build.0 = Release|Any CPU
		{398955D1-BAB0-4495-A672-966371167D76}.Release|x64.ActiveCfg = Release|Any CPU
		{398955D1-BAB0-4495-A672-966371167D76}.Release|x64.Build.0 = Release|Any CPU
		{398955D1-BAB0-4495-A672-966371167D76}.Release|x86.ActiveCfg = Release|Any CPU
		{398955D1-BAB0-4495-A672-966371167D76}.Release|x86.Build.0 = Release|Any CPU
		{94155416-46F8-4E61-AFE2-FDE4EA87BF2F}.Debug|Any CPU.ActiveCfg = Debug|Any CPU
		{94155416-46F8-4E61-AFE2-FDE4EA87BF2F}.Debug|Any CPU.Build.0 = Debug|Any CPU
		{94155416-46F8-4E61-AFE2-FDE4EA87BF2F}.Debug|x64.ActiveCfg = Debug|Any CPU
		{94155416-46F8-4E61-AFE2-FDE4EA87BF2F}.Debug|x64.Build.0 = Debug|Any CPU
		{94155416-46F8-4E61-AFE2-FDE4EA87BF2F}.Debug|x86.ActiveCfg = Debug|Any CPU
		{94155416-46F8-4E61-AFE2-FDE4EA87BF2F}.Debug|x86.Build.0 = Debug|Any CPU
		{94155416-46F8-4E61-AFE2-FDE4EA87BF2F}.Release|Any CPU.ActiveCfg = Release|Any CPU
		{94155416-46F8-4E61-AFE2-FDE4EA87BF2F}.Release|Any CPU.Build.0 = Release|Any CPU
		{94155416-46F8-4E61-AFE2-FDE4EA87BF2F}.Release|x64.ActiveCfg = Release|Any CPU
		{94155416-46F8-4E61-AFE2-FDE4EA87BF2F}.Release|x64.Build.0 = Release|Any CPU
		{94155416-46F8-4E61-AFE2-FDE4EA87BF2F}.Release|x86.ActiveCfg = Release|Any CPU
		{94155416-46F8-4E61-AFE2-FDE4EA87BF2F}.Release|x86.Build.0 = Release|Any CPU
		{33ABF025-A98B-406C-B667-1F353AFB2715}.Debug|Any CPU.ActiveCfg = Debug|Any CPU
		{33ABF025-A98B-406C-B667-1F353AFB2715}.Debug|Any CPU.Build.0 = Debug|Any CPU
		{33ABF025-A98B-406C-B667-1F353AFB2715}.Debug|x64.ActiveCfg = Debug|Any CPU
		{33ABF025-A98B-406C-B667-1F353AFB2715}.Debug|x64.Build.0 = Debug|Any CPU
		{33ABF025-A98B-406C-B667-1F353AFB2715}.Debug|x86.ActiveCfg = Debug|Any CPU
		{33ABF025-A98B-406C-B667-1F353AFB2715}.Debug|x86.Build.0 = Debug|Any CPU
		{33ABF025-A98B-406C-B667-1F353AFB2715}.Release|Any CPU.ActiveCfg = Release|Any CPU
		{33ABF025-A98B-406C-B667-1F353AFB2715}.Release|Any CPU.Build.0 = Release|Any CPU
		{33ABF025-A98B-406C-B667-1F353AFB2715}.Release|x64.ActiveCfg = Release|Any CPU
		{33ABF025-A98B-406C-B667-1F353AFB2715}.Release|x64.Build.0 = Release|Any CPU
		{33ABF025-A98B-406C-B667-1F353AFB2715}.Release|x86.ActiveCfg = Release|Any CPU
		{33ABF025-A98B-406C-B667-1F353AFB2715}.Release|x86.Build.0 = Release|Any CPU
		{F2EA8E74-3313-4828-A1EE-9D2A11B1110B}.Debug|Any CPU.ActiveCfg = Debug|Any CPU
		{F2EA8E74-3313-4828-A1EE-9D2A11B1110B}.Debug|Any CPU.Build.0 = Debug|Any CPU
		{F2EA8E74-3313-4828-A1EE-9D2A11B1110B}.Debug|x64.ActiveCfg = Debug|Any CPU
		{F2EA8E74-3313-4828-A1EE-9D2A11B1110B}.Debug|x64.Build.0 = Debug|Any CPU
		{F2EA8E74-3313-4828-A1EE-9D2A11B1110B}.Debug|x86.ActiveCfg = Debug|Any CPU
		{F2EA8E74-3313-4828-A1EE-9D2A11B1110B}.Debug|x86.Build.0 = Debug|Any CPU
		{F2EA8E74-3313-4828-A1EE-9D2A11B1110B}.Release|Any CPU.ActiveCfg = Release|Any CPU
		{F2EA8E74-3313-4828-A1EE-9D2A11B1110B}.Release|Any CPU.Build.0 = Release|Any CPU
		{F2EA8E74-3313-4828-A1EE-9D2A11B1110B}.Release|x64.ActiveCfg = Release|Any CPU
		{F2EA8E74-3313-4828-A1EE-9D2A11B1110B}.Release|x64.Build.0 = Release|Any CPU
		{F2EA8E74-3313-4828-A1EE-9D2A11B1110B}.Release|x86.ActiveCfg = Release|Any CPU
		{F2EA8E74-3313-4828-A1EE-9D2A11B1110B}.Release|x86.Build.0 = Release|Any CPU
		{5A196B89-F893-4E33-9E8D-669D3A15291D}.Debug|Any CPU.ActiveCfg = Debug|Any CPU
		{5A196B89-F893-4E33-9E8D-669D3A15291D}.Debug|Any CPU.Build.0 = Debug|Any CPU
		{5A196B89-F893-4E33-9E8D-669D3A15291D}.Debug|x64.ActiveCfg = Debug|Any CPU
		{5A196B89-F893-4E33-9E8D-669D3A15291D}.Debug|x64.Build.0 = Debug|Any CPU
		{5A196B89-F893-4E33-9E8D-669D3A15291D}.Debug|x86.ActiveCfg = Debug|Any CPU
		{5A196B89-F893-4E33-9E8D-669D3A15291D}.Debug|x86.Build.0 = Debug|Any CPU
		{5A196B89-F893-4E33-9E8D-669D3A15291D}.Release|Any CPU.ActiveCfg = Release|Any CPU
		{5A196B89-F893-4E33-9E8D-669D3A15291D}.Release|Any CPU.Build.0 = Release|Any CPU
		{5A196B89-F893-4E33-9E8D-669D3A15291D}.Release|x64.ActiveCfg = Release|Any CPU
		{5A196B89-F893-4E33-9E8D-669D3A15291D}.Release|x64.Build.0 = Release|Any CPU
		{5A196B89-F893-4E33-9E8D-669D3A15291D}.Release|x86.ActiveCfg = Release|Any CPU
		{5A196B89-F893-4E33-9E8D-669D3A15291D}.Release|x86.Build.0 = Release|Any CPU
		{47E123E0-06AE-4E9A-BEEB-484C1B14B88F}.Debug|Any CPU.ActiveCfg = Debug|Any CPU
		{47E123E0-06AE-4E9A-BEEB-484C1B14B88F}.Debug|Any CPU.Build.0 = Debug|Any CPU
		{47E123E0-06AE-4E9A-BEEB-484C1B14B88F}.Debug|x64.ActiveCfg = Debug|Any CPU
		{47E123E0-06AE-4E9A-BEEB-484C1B14B88F}.Debug|x64.Build.0 = Debug|Any CPU
		{47E123E0-06AE-4E9A-BEEB-484C1B14B88F}.Debug|x86.ActiveCfg = Debug|Any CPU
		{47E123E0-06AE-4E9A-BEEB-484C1B14B88F}.Debug|x86.Build.0 = Debug|Any CPU
		{47E123E0-06AE-4E9A-BEEB-484C1B14B88F}.Release|Any CPU.ActiveCfg = Release|Any CPU
		{47E123E0-06AE-4E9A-BEEB-484C1B14B88F}.Release|Any CPU.Build.0 = Release|Any CPU
		{47E123E0-06AE-4E9A-BEEB-484C1B14B88F}.Release|x64.ActiveCfg = Release|Any CPU
		{47E123E0-06AE-4E9A-BEEB-484C1B14B88F}.Release|x64.Build.0 = Release|Any CPU
		{47E123E0-06AE-4E9A-BEEB-484C1B14B88F}.Release|x86.ActiveCfg = Release|Any CPU
		{47E123E0-06AE-4E9A-BEEB-484C1B14B88F}.Release|x86.Build.0 = Release|Any CPU
		{69C4A681-2AC5-4748-8ABC-2389A0C65E5A}.Debug|Any CPU.ActiveCfg = Debug|Any CPU
		{69C4A681-2AC5-4748-8ABC-2389A0C65E5A}.Debug|Any CPU.Build.0 = Debug|Any CPU
		{69C4A681-2AC5-4748-8ABC-2389A0C65E5A}.Debug|x64.ActiveCfg = Debug|Any CPU
		{69C4A681-2AC5-4748-8ABC-2389A0C65E5A}.Debug|x64.Build.0 = Debug|Any CPU
		{69C4A681-2AC5-4748-8ABC-2389A0C65E5A}.Debug|x86.ActiveCfg = Debug|Any CPU
		{69C4A681-2AC5-4748-8ABC-2389A0C65E5A}.Debug|x86.Build.0 = Debug|Any CPU
		{69C4A681-2AC5-4748-8ABC-2389A0C65E5A}.Release|Any CPU.ActiveCfg = Release|Any CPU
		{69C4A681-2AC5-4748-8ABC-2389A0C65E5A}.Release|Any CPU.Build.0 = Release|Any CPU
		{69C4A681-2AC5-4748-8ABC-2389A0C65E5A}.Release|x64.ActiveCfg = Release|Any CPU
		{69C4A681-2AC5-4748-8ABC-2389A0C65E5A}.Release|x64.Build.0 = Release|Any CPU
		{69C4A681-2AC5-4748-8ABC-2389A0C65E5A}.Release|x86.ActiveCfg = Release|Any CPU
		{69C4A681-2AC5-4748-8ABC-2389A0C65E5A}.Release|x86.Build.0 = Release|Any CPU
		{0EB8A90F-0B1B-4C4A-AA0F-A580CA0F72B1}.Debug|Any CPU.ActiveCfg = Debug|Any CPU
		{0EB8A90F-0B1B-4C4A-AA0F-A580CA0F72B1}.Debug|Any CPU.Build.0 = Debug|Any CPU
		{0EB8A90F-0B1B-4C4A-AA0F-A580CA0F72B1}.Debug|x64.ActiveCfg = Debug|Any CPU
		{0EB8A90F-0B1B-4C4A-AA0F-A580CA0F72B1}.Debug|x64.Build.0 = Debug|Any CPU
		{0EB8A90F-0B1B-4C4A-AA0F-A580CA0F72B1}.Debug|x86.ActiveCfg = Debug|Any CPU
		{0EB8A90F-0B1B-4C4A-AA0F-A580CA0F72B1}.Debug|x86.Build.0 = Debug|Any CPU
		{0EB8A90F-0B1B-4C4A-AA0F-A580CA0F72B1}.Release|Any CPU.ActiveCfg = Release|Any CPU
		{0EB8A90F-0B1B-4C4A-AA0F-A580CA0F72B1}.Release|Any CPU.Build.0 = Release|Any CPU
		{0EB8A90F-0B1B-4C4A-AA0F-A580CA0F72B1}.Release|x64.ActiveCfg = Release|Any CPU
		{0EB8A90F-0B1B-4C4A-AA0F-A580CA0F72B1}.Release|x64.Build.0 = Release|Any CPU
		{0EB8A90F-0B1B-4C4A-AA0F-A580CA0F72B1}.Release|x86.ActiveCfg = Release|Any CPU
		{0EB8A90F-0B1B-4C4A-AA0F-A580CA0F72B1}.Release|x86.Build.0 = Release|Any CPU
		{B684FCDE-4094-460E-9688-4C13C6D07948}.Debug|Any CPU.ActiveCfg = Debug|Any CPU
		{B684FCDE-4094-460E-9688-4C13C6D07948}.Debug|Any CPU.Build.0 = Debug|Any CPU
		{B684FCDE-4094-460E-9688-4C13C6D07948}.Debug|x64.ActiveCfg = Debug|Any CPU
		{B684FCDE-4094-460E-9688-4C13C6D07948}.Debug|x64.Build.0 = Debug|Any CPU
		{B684FCDE-4094-460E-9688-4C13C6D07948}.Debug|x86.ActiveCfg = Debug|Any CPU
		{B684FCDE-4094-460E-9688-4C13C6D07948}.Debug|x86.Build.0 = Debug|Any CPU
		{B684FCDE-4094-460E-9688-4C13C6D07948}.Release|Any CPU.ActiveCfg = Release|Any CPU
		{B684FCDE-4094-460E-9688-4C13C6D07948}.Release|Any CPU.Build.0 = Release|Any CPU
		{B684FCDE-4094-460E-9688-4C13C6D07948}.Release|x64.ActiveCfg = Release|Any CPU
		{B684FCDE-4094-460E-9688-4C13C6D07948}.Release|x64.Build.0 = Release|Any CPU
		{B684FCDE-4094-460E-9688-4C13C6D07948}.Release|x86.ActiveCfg = Release|Any CPU
		{B684FCDE-4094-460E-9688-4C13C6D07948}.Release|x86.Build.0 = Release|Any CPU
		{0FC445C3-B27B-4CA4-87DC-746A147790F2}.Debug|Any CPU.ActiveCfg = Debug|Any CPU
		{0FC445C3-B27B-4CA4-87DC-746A147790F2}.Debug|Any CPU.Build.0 = Debug|Any CPU
		{0FC445C3-B27B-4CA4-87DC-746A147790F2}.Debug|x64.ActiveCfg = Debug|Any CPU
		{0FC445C3-B27B-4CA4-87DC-746A147790F2}.Debug|x64.Build.0 = Debug|Any CPU
		{0FC445C3-B27B-4CA4-87DC-746A147790F2}.Debug|x86.ActiveCfg = Debug|Any CPU
		{0FC445C3-B27B-4CA4-87DC-746A147790F2}.Debug|x86.Build.0 = Debug|Any CPU
		{0FC445C3-B27B-4CA4-87DC-746A147790F2}.Release|Any CPU.ActiveCfg = Release|Any CPU
		{0FC445C3-B27B-4CA4-87DC-746A147790F2}.Release|Any CPU.Build.0 = Release|Any CPU
		{0FC445C3-B27B-4CA4-87DC-746A147790F2}.Release|x64.ActiveCfg = Release|Any CPU
		{0FC445C3-B27B-4CA4-87DC-746A147790F2}.Release|x64.Build.0 = Release|Any CPU
		{0FC445C3-B27B-4CA4-87DC-746A147790F2}.Release|x86.ActiveCfg = Release|Any CPU
		{0FC445C3-B27B-4CA4-87DC-746A147790F2}.Release|x86.Build.0 = Release|Any CPU
		{41F68133-DD5A-4B22-B95B-5A415250D87B}.Debug|Any CPU.ActiveCfg = Debug|Any CPU
		{41F68133-DD5A-4B22-B95B-5A415250D87B}.Debug|Any CPU.Build.0 = Debug|Any CPU
		{41F68133-DD5A-4B22-B95B-5A415250D87B}.Debug|x64.ActiveCfg = Debug|Any CPU
		{41F68133-DD5A-4B22-B95B-5A415250D87B}.Debug|x64.Build.0 = Debug|Any CPU
		{41F68133-DD5A-4B22-B95B-5A415250D87B}.Debug|x86.ActiveCfg = Debug|Any CPU
		{41F68133-DD5A-4B22-B95B-5A415250D87B}.Debug|x86.Build.0 = Debug|Any CPU
		{41F68133-DD5A-4B22-B95B-5A415250D87B}.Release|Any CPU.ActiveCfg = Release|Any CPU
		{41F68133-DD5A-4B22-B95B-5A415250D87B}.Release|Any CPU.Build.0 = Release|Any CPU
		{41F68133-DD5A-4B22-B95B-5A415250D87B}.Release|x64.ActiveCfg = Release|Any CPU
		{41F68133-DD5A-4B22-B95B-5A415250D87B}.Release|x64.Build.0 = Release|Any CPU
		{41F68133-DD5A-4B22-B95B-5A415250D87B}.Release|x86.ActiveCfg = Release|Any CPU
		{41F68133-DD5A-4B22-B95B-5A415250D87B}.Release|x86.Build.0 = Release|Any CPU
		{FF0E7DEF-B19A-48DE-9DB7-15985A1BD910}.Debug|Any CPU.ActiveCfg = Debug|Any CPU
		{FF0E7DEF-B19A-48DE-9DB7-15985A1BD910}.Debug|Any CPU.Build.0 = Debug|Any CPU
		{FF0E7DEF-B19A-48DE-9DB7-15985A1BD910}.Debug|x64.ActiveCfg = Debug|Any CPU
		{FF0E7DEF-B19A-48DE-9DB7-15985A1BD910}.Debug|x64.Build.0 = Debug|Any CPU
		{FF0E7DEF-B19A-48DE-9DB7-15985A1BD910}.Debug|x86.ActiveCfg = Debug|Any CPU
		{FF0E7DEF-B19A-48DE-9DB7-15985A1BD910}.Debug|x86.Build.0 = Debug|Any CPU
		{FF0E7DEF-B19A-48DE-9DB7-15985A1BD910}.Release|Any CPU.ActiveCfg = Release|Any CPU
		{FF0E7DEF-B19A-48DE-9DB7-15985A1BD910}.Release|Any CPU.Build.0 = Release|Any CPU
		{FF0E7DEF-B19A-48DE-9DB7-15985A1BD910}.Release|x64.ActiveCfg = Release|Any CPU
		{FF0E7DEF-B19A-48DE-9DB7-15985A1BD910}.Release|x64.Build.0 = Release|Any CPU
		{FF0E7DEF-B19A-48DE-9DB7-15985A1BD910}.Release|x86.ActiveCfg = Release|Any CPU
		{FF0E7DEF-B19A-48DE-9DB7-15985A1BD910}.Release|x86.Build.0 = Release|Any CPU
		{C1AFB432-CF5E-4A96-92FB-70011215C827}.Debug|Any CPU.ActiveCfg = Debug|Any CPU
		{C1AFB432-CF5E-4A96-92FB-70011215C827}.Debug|Any CPU.Build.0 = Debug|Any CPU
		{C1AFB432-CF5E-4A96-92FB-70011215C827}.Debug|x64.ActiveCfg = Debug|Any CPU
		{C1AFB432-CF5E-4A96-92FB-70011215C827}.Debug|x64.Build.0 = Debug|Any CPU
		{C1AFB432-CF5E-4A96-92FB-70011215C827}.Debug|x86.ActiveCfg = Debug|Any CPU
		{C1AFB432-CF5E-4A96-92FB-70011215C827}.Debug|x86.Build.0 = Debug|Any CPU
		{C1AFB432-CF5E-4A96-92FB-70011215C827}.Release|Any CPU.ActiveCfg = Release|Any CPU
		{C1AFB432-CF5E-4A96-92FB-70011215C827}.Release|Any CPU.Build.0 = Release|Any CPU
		{C1AFB432-CF5E-4A96-92FB-70011215C827}.Release|x64.ActiveCfg = Release|Any CPU
		{C1AFB432-CF5E-4A96-92FB-70011215C827}.Release|x64.Build.0 = Release|Any CPU
		{C1AFB432-CF5E-4A96-92FB-70011215C827}.Release|x86.ActiveCfg = Release|Any CPU
		{C1AFB432-CF5E-4A96-92FB-70011215C827}.Release|x86.Build.0 = Release|Any CPU
		{5984A0E8-0C23-48DD-A70D-13D4549451A1}.Debug|Any CPU.ActiveCfg = Debug|Any CPU
		{5984A0E8-0C23-48DD-A70D-13D4549451A1}.Debug|Any CPU.Build.0 = Debug|Any CPU
		{5984A0E8-0C23-48DD-A70D-13D4549451A1}.Debug|x64.ActiveCfg = Debug|Any CPU
		{5984A0E8-0C23-48DD-A70D-13D4549451A1}.Debug|x64.Build.0 = Debug|Any CPU
		{5984A0E8-0C23-48DD-A70D-13D4549451A1}.Debug|x86.ActiveCfg = Debug|Any CPU
		{5984A0E8-0C23-48DD-A70D-13D4549451A1}.Debug|x86.Build.0 = Debug|Any CPU
		{5984A0E8-0C23-48DD-A70D-13D4549451A1}.Release|Any CPU.ActiveCfg = Release|Any CPU
		{5984A0E8-0C23-48DD-A70D-13D4549451A1}.Release|Any CPU.Build.0 = Release|Any CPU
		{5984A0E8-0C23-48DD-A70D-13D4549451A1}.Release|x64.ActiveCfg = Release|Any CPU
		{5984A0E8-0C23-48DD-A70D-13D4549451A1}.Release|x64.Build.0 = Release|Any CPU
		{5984A0E8-0C23-48DD-A70D-13D4549451A1}.Release|x86.ActiveCfg = Release|Any CPU
		{5984A0E8-0C23-48DD-A70D-13D4549451A1}.Release|x86.Build.0 = Release|Any CPU
		{CCAF8F6A-6882-4392-8CF1-8257D9B2195E}.Debug|Any CPU.ActiveCfg = Debug|Any CPU
		{CCAF8F6A-6882-4392-8CF1-8257D9B2195E}.Debug|Any CPU.Build.0 = Debug|Any CPU
		{CCAF8F6A-6882-4392-8CF1-8257D9B2195E}.Debug|x64.ActiveCfg = Debug|Any CPU
		{CCAF8F6A-6882-4392-8CF1-8257D9B2195E}.Debug|x64.Build.0 = Debug|Any CPU
		{CCAF8F6A-6882-4392-8CF1-8257D9B2195E}.Debug|x86.ActiveCfg = Debug|Any CPU
		{CCAF8F6A-6882-4392-8CF1-8257D9B2195E}.Debug|x86.Build.0 = Debug|Any CPU
		{CCAF8F6A-6882-4392-8CF1-8257D9B2195E}.Release|Any CPU.ActiveCfg = Release|Any CPU
		{CCAF8F6A-6882-4392-8CF1-8257D9B2195E}.Release|Any CPU.Build.0 = Release|Any CPU
		{CCAF8F6A-6882-4392-8CF1-8257D9B2195E}.Release|x64.ActiveCfg = Release|Any CPU
		{CCAF8F6A-6882-4392-8CF1-8257D9B2195E}.Release|x64.Build.0 = Release|Any CPU
		{CCAF8F6A-6882-4392-8CF1-8257D9B2195E}.Release|x86.ActiveCfg = Release|Any CPU
		{CCAF8F6A-6882-4392-8CF1-8257D9B2195E}.Release|x86.Build.0 = Release|Any CPU
	EndGlobalSection
	GlobalSection(SolutionProperties) = preSolution
		HideSolutionNode = FALSE
	EndGlobalSection
	GlobalSection(ExtensibilityGlobals) = postSolution
		SolutionGuid = {1FF53ACE-247E-42A8-9832-7B757ED739F0}
	EndGlobalSection
	GlobalSection(SharedMSBuildProjectFiles) = preSolution
		Server.Configurations\Server.Configurations.projitems*{2b209986-7a39-4646-a97e-e8a853fe86ac}*SharedItemsImports = 5
		Server.Configurations\Server.Configurations.projitems*{4275224b-1a23-4334-9df6-6f746f34a8a5}*SharedItemsImports = 5
		Server.Configurations\Server.Configurations.projitems*{ba99df5e-e48a-411a-8b1a-4458116cb513}*SharedItemsImports = 13
		Server.Configurations\Server.Configurations.projitems*{f2a7e04e-65a8-44a6-a642-01c8f4a6149c}*SharedItemsImports = 5
	EndGlobalSection
EndGlobal
